// !$*UTF8*$!
{
	archiveVersion = 1;
	classes = {
	};
	objectVersion = 48;
	objects = {

/* Begin PBXBuildFile section */
		BD8FA17F1FB0912200B6C3C8 /* AppDelegate.swift in Sources */ = {isa = PBXBuildFile; fileRef = BD8FA17E1FB0912200B6C3C8 /* AppDelegate.swift */; };
		BD8FA1811FB0912200B6C3C8 /* DragDropViewController.swift in Sources */ = {isa = PBXBuildFile; fileRef = BD8FA1801FB0912200B6C3C8 /* DragDropViewController.swift */; };
		BD8FA1841FB0912200B6C3C8 /* Main.storyboard in Resources */ = {isa = PBXBuildFile; fileRef = BD8FA1821FB0912200B6C3C8 /* Main.storyboard */; };
		BD8FA1861FB0912200B6C3C8 /* Assets.xcassets in Resources */ = {isa = PBXBuildFile; fileRef = BD8FA1851FB0912200B6C3C8 /* Assets.xcassets */; };
		BD8FA1891FB0912200B6C3C8 /* LaunchScreen.storyboard in Resources */ = {isa = PBXBuildFile; fileRef = BD8FA1871FB0912200B6C3C8 /* LaunchScreen.storyboard */; };
		BDA631AC1FB31A3700A9DCF6 /* DragDropCollectionViewCell.swift in Sources */ = {isa = PBXBuildFile; fileRef = BDA631AB1FB31A3700A9DCF6 /* DragDropCollectionViewCell.swift */; };
/* End PBXBuildFile section */

/* Begin PBXFileReference section */
		BD8FA17B1FB0912200B6C3C8 /* DragAndDropInCollectionView.app */ = {isa = PBXFileReference; explicitFileType = wrapper.application; includeInIndex = 0; path = DragAndDropInCollectionView.app; sourceTree = BUILT_PRODUCTS_DIR; };
		BD8FA17E1FB0912200B6C3C8 /* AppDelegate.swift */ = {isa = PBXFileReference; lastKnownFileType = sourcecode.swift; path = AppDelegate.swift; sourceTree = "<group>"; };
		BD8FA1801FB0912200B6C3C8 /* DragDropViewController.swift */ = {isa = PBXFileReference; lastKnownFileType = sourcecode.swift; path = DragDropViewController.swift; sourceTree = "<group>"; };
		BD8FA1831FB0912200B6C3C8 /* Base */ = {isa = PBXFileReference; lastKnownFileType = file.storyboard; name = Base; path = Base.lproj/Main.storyboard; sourceTree = "<group>"; };
		BD8FA1851FB0912200B6C3C8 /* Assets.xcassets */ = {isa = PBXFileReference; lastKnownFileType = folder.assetcatalog; path = Assets.xcassets; sourceTree = "<group>"; };
		BD8FA1881FB0912200B6C3C8 /* Base */ = {isa = PBXFileReference; lastKnownFileType = file.storyboard; name = Base; path = Base.lproj/LaunchScreen.storyboard; sourceTree = "<group>"; };
		BD8FA18A1FB0912200B6C3C8 /* Info.plist */ = {isa = PBXFileReference; lastKnownFileType = text.plist.xml; path = Info.plist; sourceTree = "<group>"; };
		BDA631AB1FB31A3700A9DCF6 /* DragDropCollectionViewCell.swift */ = {isa = PBXFileReference; lastKnownFileType = sourcecode.swift; path = DragDropCollectionViewCell.swift; sourceTree = "<group>"; };
/* End PBXFileReference section */

/* Begin PBXFrameworksBuildPhase section */
		BD8FA1781FB0912200B6C3C8 /* Frameworks */ = {
			isa = PBXFrameworksBuildPhase;
			buildActionMask = 2147483647;
			files = (
			);
			runOnlyForDeploymentPostprocessing = 0;
		};
/* End PBXFrameworksBuildPhase section */

/* Begin PBXGroup section */
		BD8FA1721FB0912200B6C3C8 = {
			isa = PBXGroup;
			children = (
				BD8FA17D1FB0912200B6C3C8 /* DragAndDropInCollectionView */,
				BD8FA17C1FB0912200B6C3C8 /* Products */,
			);
			sourceTree = "<group>";
		};
		BD8FA17C1FB0912200B6C3C8 /* Products */ = {
			isa = PBXGroup;
			children = (
				BD8FA17B1FB0912200B6C3C8 /* DragAndDropInCollectionView.app */,
			);
			name = Products;
			sourceTree = "<group>";
		};
		BD8FA17D1FB0912200B6C3C8 /* DragAndDropInCollectionView */ = {
			isa = PBXGroup;
			children = (
				BD8FA17E1FB0912200B6C3C8 /* AppDelegate.swift */,
				BD8FA1801FB0912200B6C3C8 /* DragDropViewController.swift */,
				BDA631AB1FB31A3700A9DCF6 /* DragDropCollectionViewCell.swift */,
				BD8FA1821FB0912200B6C3C8 /* Main.storyboard */,
				BD8FA1851FB0912200B6C3C8 /* Assets.xcassets */,
				BD8FA1871FB0912200B6C3C8 /* LaunchScreen.storyboard */,
				BD8FA18A1FB0912200B6C3C8 /* Info.plist */,
			);
			path = DragAndDropInCollectionView;
			sourceTree = "<group>";
		};
/* End PBXGroup section */

/* Begin PBXNativeTarget section */
		BD8FA17A1FB0912200B6C3C8 /* DragAndDropInCollectionView */ = {
			isa = PBXNativeTarget;
			buildConfigurationList = BD8FA18D1FB0912200B6C3C8 /* Build configuration list for PBXNativeTarget "DragAndDropInCollectionView" */;
			buildPhases = (
				BD8FA1771FB0912200B6C3C8 /* Sources */,
				BD8FA1781FB0912200B6C3C8 /* Frameworks */,
				BD8FA1791FB0912200B6C3C8 /* Resources */,
			);
			buildRules = (
			);
			dependencies = (
			);
			name = DragAndDropInCollectionView;
			productName = DragAndDropInCollectionView;
			productReference = BD8FA17B1FB0912200B6C3C8 /* DragAndDropInCollectionView.app */;
			productType = "com.apple.product-type.application";
		};
/* End PBXNativeTarget section */

/* Begin PBXProject section */
		BD8FA1731FB0912200B6C3C8 /* Project object */ = {
			isa = PBXProject;
			attributes = {
				LastSwiftUpdateCheck = 0910;
				LastUpgradeCheck = 0910;
				ORGANIZATIONNAME = "Payal Gupta";
				TargetAttributes = {
					BD8FA17A1FB0912200B6C3C8 = {
						CreatedOnToolsVersion = 9.1;
						ProvisioningStyle = Automatic;
					};
				};
			};
			buildConfigurationList = BD8FA1761FB0912200B6C3C8 /* Build configuration list for PBXProject "DragAndDropInCollectionView" */;
			compatibilityVersion = "Xcode 8.0";
			developmentRegion = en;
			hasScannedForEncodings = 0;
			knownRegions = (
				en,
				Base,
			);
			mainGroup = BD8FA1721FB0912200B6C3C8;
			productRefGroup = BD8FA17C1FB0912200B6C3C8 /* Products */;
			projectDirPath = "";
			projectRoot = "";
			targets = (
				BD8FA17A1FB0912200B6C3C8 /* DragAndDropInCollectionView */,
			);
		};
/* End PBXProject section */

/* Begin PBXResourcesBuildPhase section */
		BD8FA1791FB0912200B6C3C8 /* Resources */ = {
			isa = PBXResourcesBuildPhase;
			buildActionMask = 2147483647;
			files = (
				BD8FA1891FB0912200B6C3C8 /* LaunchScreen.storyboard in Resources */,
				BD8FA1861FB0912200B6C3C8 /* Assets.xcassets in Resources */,
				BD8FA1841FB0912200B6C3C8 /* Main.storyboard in Resources */,
			);
			runOnlyForDeploymentPostprocessing = 0;
		};
/* End PBXResourcesBuildPhase section */

/* Begin PBXSourcesBuildPhase section */
		BD8FA1771FB0912200B6C3C8 /* Sources */ = {
			isa = PBXSourcesBuildPhase;
			buildActionMask = 2147483647;
			files = (
				BD8FA1811FB0912200B6C3C8 /* DragDropViewController.swift in Sources */,
				BDA631AC1FB31A3700A9DCF6 /* DragDropCollectionViewCell.swift in Sources */,
				BD8FA17F1FB0912200B6C3C8 /* AppDelegate.swift in Sources */,
			);
			runOnlyForDeploymentPostprocessing = 0;
		};
/* End PBXSourcesBuildPhase section */

/* Begin PBXVariantGroup section */
		BD8FA1821FB0912200B6C3C8 /* Main.storyboard */ = {
			isa = PBXVariantGroup;
			children = (
				BD8FA1831FB0912200B6C3C8 /* Base */,
			);
			name = Main.storyboard;
			sourceTree = "<group>";
		};
		BD8FA1871FB0912200B6C3C8 /* LaunchScreen.storyboard */ = {
			isa = PBXVariantGroup;
			children = (
				BD8FA1881FB0912200B6C3C8 /* Base */,
			);
			name = LaunchScreen.storyboard;
			sourceTree = "<group>";
		};
/* End PBXVariantGroup section */

/* Begin XCBuildConfiguration section */
		BD8FA18B1FB0912200B6C3C8 /* Debug */ = {
			isa = XCBuildConfiguration;
			buildSettings = {
				ALWAYS_SEARCH_USER_PATHS = NO;
				CLANG_ANALYZER_NONNULL = YES;
				CLANG_ANALYZER_NUMBER_OBJECT_CONVERSION = YES_AGGRESSIVE;
				CLANG_CXX_LANGUAGE_STANDARD = "gnu++14";
				CLANG_CXX_LIBRARY = "libc++";
				CLANG_ENABLE_MODULES = YES;
				CLANG_ENABLE_OBJC_ARC = YES;
				CLANG_WARN_BLOCK_CAPTURE_AUTORELEASING = YES;
				CLANG_WARN_BOOL_CONVERSION = YES;
				CLANG_WARN_COMMA = YES;
				CLANG_WARN_CONSTANT_CONVERSION = YES;
				CLANG_WARN_DIRECT_OBJC_ISA_USAGE = YES_ERROR;
				CLANG_WARN_DOCUMENTATION_COMMENTS = YES;
				CLANG_WARN_EMPTY_BODY = YES;
				CLANG_WARN_ENUM_CONVERSION = YES;
				CLANG_WARN_INFINITE_RECURSION = YES;
				CLANG_WARN_INT_CONVERSION = YES;
				CLANG_WARN_NON_LITERAL_NULL_CONVERSION = YES;
				CLANG_WARN_OBJC_LITERAL_CONVERSION = YES;
				CLANG_WARN_OBJC_ROOT_CLASS = YES_ERROR;
				CLANG_WARN_RANGE_LOOP_ANALYSIS = YES;
				CLANG_WARN_STRICT_PROTOTYPES = YES;
				CLANG_WARN_SUSPICIOUS_MOVE = YES;
				CLANG_WARN_UNGUARDED_AVAILABILITY = YES_AGGRESSIVE;
				CLANG_WARN_UNREACHABLE_CODE = YES;
				CLANG_WARN__DUPLICATE_METHOD_MATCH = YES;
				CODE_SIGN_IDENTITY = "iPhone Developer";
				COPY_PHASE_STRIP = NO;
				DEBUG_INFORMATION_FORMAT = dwarf;
				ENABLE_STRICT_OBJC_MSGSEND = YES;
				ENABLE_TESTABILITY = YES;
				GCC_C_LANGUAGE_STANDARD = gnu11;
				GCC_DYNAMIC_NO_PIC = NO;
				GCC_NO_COMMON_BLOCKS = YES;
				GCC_OPTIMIZATION_LEVEL = 0;
				GCC_PREPROCESSOR_DEFINITIONS = (
					"DEBUG=1",
					"$(inherited)",
				);
				GCC_WARN_64_TO_32_BIT_CONVERSION = YES;
				GCC_WARN_ABOUT_RETURN_TYPE = YES_ERROR;
				GCC_WARN_UNDECLARED_SELECTOR = YES;
				GCC_WARN_UNINITIALIZED_AUTOS = YES_AGGRESSIVE;
				GCC_WARN_UNUSED_FUNCTION = YES;
				GCC_WARN_UNUSED_VARIABLE = YES;
				IPHONEOS_DEPLOYMENT_TARGET = 11.1;
				MTL_ENABLE_DEBUG_INFO = YES;
				ONLY_ACTIVE_ARCH = YES;
				SDKROOT = iphoneos;
				SWIFT_ACTIVE_COMPILATION_CONDITIONS = DEBUG;
				SWIFT_OPTIMIZATION_LEVEL = "-Onone";
			};
			name = Debug;
		};
		BD8FA18C1FB0912200B6C3C8 /* Release */ = {
			isa = XCBuildConfiguration;
			buildSettings = {
				ALWAYS_SEARCH_USER_PATHS = NO;
				CLANG_ANALYZER_NONNULL = YES;
				CLANG_ANALYZER_NUMBER_OBJECT_CONVERSION = YES_AGGRESSIVE;
				CLANG_CXX_LANGUAGE_STANDARD = "gnu++14";
				CLANG_CXX_LIBRARY = "libc++";
				CLANG_ENABLE_MODULES = YES;
				CLANG_ENABLE_OBJC_ARC = YES;
				CLANG_WARN_BLOCK_CAPTURE_AUTORELEASING = YES;
				CLANG_WARN_BOOL_CONVERSION = YES;
				CLANG_WARN_COMMA = YES;
				CLANG_WARN_CONSTANT_CONVERSION = YES;
				CLANG_WARN_DIRECT_OBJC_ISA_USAGE = YES_ERROR;
				CLANG_WARN_DOCUMENTATION_COMMENTS = YES;
				CLANG_WARN_EMPTY_BODY = YES;
				CLANG_WARN_ENUM_CONVERSION = YES;
				CLANG_WARN_INFINITE_RECURSION = YES;
				CLANG_WARN_INT_CONVERSION = YES;
				CLANG_WARN_NON_LITERAL_NULL_CONVERSION = YES;
				CLANG_WARN_OBJC_LITERAL_CONVERSION = YES;
				CLANG_WARN_OBJC_ROOT_CLASS = YES_ERROR;
				CLANG_WARN_RANGE_LOOP_ANALYSIS = YES;
				CLANG_WARN_STRICT_PROTOTYPES = YES;
				CLANG_WARN_SUSPICIOUS_MOVE = YES;
				CLANG_WARN_UNGUARDED_AVAILABILITY = YES_AGGRESSIVE;
				CLANG_WARN_UNREACHABLE_CODE = YES;
				CLANG_WARN__DUPLICATE_METHOD_MATCH = YES;
				CODE_SIGN_IDENTITY = "iPhone Developer";
				COPY_PHASE_STRIP = NO;
				DEBUG_INFORMATION_FORMAT = "dwarf-with-dsym";
				ENABLE_NS_ASSERTIONS = NO;
				ENABLE_STRICT_OBJC_MSGSEND = YES;
				GCC_C_LANGUAGE_STANDARD = gnu11;
				GCC_NO_COMMON_BLOCKS = YES;
				GCC_WARN_64_TO_32_BIT_CONVERSION = YES;
				GCC_WARN_ABOUT_RETURN_TYPE = YES_ERROR;
				GCC_WARN_UNDECLARED_SELECTOR = YES;
				GCC_WARN_UNINITIALIZED_AUTOS = YES_AGGRESSIVE;
				GCC_WARN_UNUSED_FUNCTION = YES;
				GCC_WARN_UNUSED_VARIABLE = YES;
				IPHONEOS_DEPLOYMENT_TARGET = 11.1;
				MTL_ENABLE_DEBUG_INFO = NO;
				SDKROOT = iphoneos;
				SWIFT_OPTIMIZATION_LEVEL = "-Owholemodule";
				VALIDATE_PRODUCT = YES;
			};
			name = Release;
		};
		BD8FA18E1FB0912200B6C3C8 /* Debug */ = {
			isa = XCBuildConfiguration;
			buildSettings = {
				ASSETCATALOG_COMPILER_APPICON_NAME = AppIcon;
				CODE_SIGN_STYLE = Automatic;
				DEVELOPMENT_TEAM = 295M57239Z;
				INFOPLIST_FILE = DragAndDropInCollectionView/Info.plist;
				IPHONEOS_DEPLOYMENT_TARGET = 11.0;
				LD_RUNPATH_SEARCH_PATHS = "$(inherited) @executable_path/Frameworks";
				PRODUCT_BUNDLE_IDENTIFIER = com.payal.DragAndDropInCollectionView;
				PRODUCT_NAME = "$(TARGET_NAME)";
				SWIFT_VERSION = 4.0;
				TARGETED_DEVICE_FAMILY = "1,2";
			};
			name = Debug;
		};
		BD8FA18F1FB0912200B6C3C8 /* Release */ = {
			isa = XCBuildConfiguration;
			buildSettings = {
				ASSETCATALOG_COMPILER_APPICON_NAME = AppIcon;
				CODE_SIGN_STYLE = Automatic;
				DEVELOPMENT_TEAM = 295M57239Z;
				INFOPLIST_FILE = DragAndDropInCollectionView/Info.plist;
				IPHONEOS_DEPLOYMENT_TARGET = 11.0;
				LD_RUNPATH_SEARCH_PATHS = "$(inherited) @executable_path/Frameworks";
				PRODUCT_BUNDLE_IDENTIFIER = com.payal.DragAndDropInCollectionView;
				PRODUCT_NAME = "$(TARGET_NAME)";
				SWIFT_VERSION = 4.0;
				TARGETED_DEVICE_FAMILY = "1,2";
			};
			name = Release;
		};
/* End XCBuildConfiguration section */

/* Begin XCConfigurationList section */
		BD8FA1761FB0912200B6C3C8 /* Build configuration list for PBXProject "DragAndDropInCollectionView" */ = {
			isa = XCConfigurationList;
			buildConfigurations = (
				BD8FA18B1FB0912200B6C3C8 /* Debug */,
				BD8FA18C1FB0912200B6C3C8 /* Release */,
			);
			defaultConfigurationIsVisible = 0;
			defaultConfigurationName = Release;
		};
		BD8FA18D1FB0912200B6C3C8 /* Build configuration list for PBXNativeTarget "DragAndDropInCollectionView" */ = {
			isa = XCConfigurationList;
			buildConfigurations = (
				BD8FA18E1FB0912200B6C3C8 /* Debug */,
				BD8FA18F1FB0912200B6C3C8 /* Release */,
			);
			defaultConfigurationIsVisible = 0;
			defaultConfigurationName = Release;
		};
/* End XCConfigurationList section */
	};
	rootObject = BD8FA1731FB0912200B6C3C8 /* Project object */;
}
